// !$*UTF8*$!
{
	archiveVersion = 1;
	classes = {
	};
	objectVersion = 50;
	objects = {

/* Begin PBXBuildFile section */
		342AB13721A7F6CF00F13257 /* Assets.xcassets in Resources */ = {isa = PBXBuildFile; fileRef = 342AB13621A7F6CF00F13257 /* Assets.xcassets */; };
		34DE4C1E21A532CA00DA839C /* AppDelegate.swift in Sources */ = {isa = PBXBuildFile; fileRef = 34DE4C1D21A532CA00DA839C /* AppDelegate.swift */; };
		34DE4C2021A532CA00DA839C /* ViewController.swift in Sources */ = {isa = PBXBuildFile; fileRef = 34DE4C1F21A532CA00DA839C /* ViewController.swift */; };
		34DE4C2321A532CA00DA839C /* Main.storyboard in Resources */ = {isa = PBXBuildFile; fileRef = 34DE4C2121A532CA00DA839C /* Main.storyboard */; };
		34DE4C2821A532CB00DA839C /* LaunchScreen.storyboard in Resources */ = {isa = PBXBuildFile; fileRef = 34DE4C2621A532CB00DA839C /* LaunchScreen.storyboard */; };
		34DE4C3321A532CC00DA839C /* com_equipe_6_nameTests.swift in Sources */ = {isa = PBXBuildFile; fileRef = 34DE4C3221A532CC00DA839C /* com_equipe_6_nameTests.swift */; };
		34DE4C3E21A532CC00DA839C /* com_equipe_6_nameUITests.swift in Sources */ = {isa = PBXBuildFile; fileRef = 34DE4C3D21A532CC00DA839C /* com_equipe_6_nameUITests.swift */; };
		34DE4C5021A5773200DA839C /* MapViewController.swift in Sources */ = {isa = PBXBuildFile; fileRef = 34DE4C4F21A5773100DA839C /* MapViewController.swift */; };
/* End PBXBuildFile section */

/* Begin PBXContainerItemProxy section */
		34DE4C2F21A532CC00DA839C /* PBXContainerItemProxy */ = {
			isa = PBXContainerItemProxy;
			containerPortal = 34DE4C1221A532CA00DA839C /* Project object */;
			proxyType = 1;
			remoteGlobalIDString = 34DE4C1921A532CA00DA839C;
			remoteInfo = "com.equipe-6.name";
		};
		34DE4C3A21A532CC00DA839C /* PBXContainerItemProxy */ = {
			isa = PBXContainerItemProxy;
			containerPortal = 34DE4C1221A532CA00DA839C /* Project object */;
			proxyType = 1;
			remoteGlobalIDString = 34DE4C1921A532CA00DA839C;
			remoteInfo = "com.equipe-6.name";
		};
/* End PBXContainerItemProxy section */

/* Begin PBXFileReference section */
		342AB13621A7F6CF00F13257 /* Assets.xcassets */ = {isa = PBXFileReference; lastKnownFileType = folder.assetcatalog; path = Assets.xcassets; sourceTree = "<group>"; };
		34DE4C1A21A532CA00DA839C /* com.equipe-6.name.app */ = {isa = PBXFileReference; explicitFileType = wrapper.application; includeInIndex = 0; path = "com.equipe-6.name.app"; sourceTree = BUILT_PRODUCTS_DIR; };
		34DE4C1D21A532CA00DA839C /* AppDelegate.swift */ = {isa = PBXFileReference; lastKnownFileType = sourcecode.swift; path = AppDelegate.swift; sourceTree = "<group>"; };
		34DE4C1F21A532CA00DA839C /* ViewController.swift */ = {isa = PBXFileReference; lastKnownFileType = sourcecode.swift; path = ViewController.swift; sourceTree = "<group>"; };
		34DE4C2221A532CA00DA839C /* Base */ = {isa = PBXFileReference; lastKnownFileType = file.storyboard; name = Base; path = Base.lproj/Main.storyboard; sourceTree = "<group>"; };
		34DE4C2721A532CB00DA839C /* Base */ = {isa = PBXFileReference; lastKnownFileType = file.storyboard; name = Base; path = Base.lproj/LaunchScreen.storyboard; sourceTree = "<group>"; };
		34DE4C2921A532CB00DA839C /* Info.plist */ = {isa = PBXFileReference; lastKnownFileType = text.plist.xml; path = Info.plist; sourceTree = "<group>"; };
		34DE4C2E21A532CC00DA839C /* com.equipe-6.nameTests.xctest */ = {isa = PBXFileReference; explicitFileType = wrapper.cfbundle; includeInIndex = 0; path = "com.equipe-6.nameTests.xctest"; sourceTree = BUILT_PRODUCTS_DIR; };
		34DE4C3221A532CC00DA839C /* com_equipe_6_nameTests.swift */ = {isa = PBXFileReference; lastKnownFileType = sourcecode.swift; path = com_equipe_6_nameTests.swift; sourceTree = "<group>"; };
		34DE4C3421A532CC00DA839C /* Info.plist */ = {isa = PBXFileReference; lastKnownFileType = text.plist.xml; path = Info.plist; sourceTree = "<group>"; };
		34DE4C3921A532CC00DA839C /* com.equipe-6.nameUITests.xctest */ = {isa = PBXFileReference; explicitFileType = wrapper.cfbundle; includeInIndex = 0; path = "com.equipe-6.nameUITests.xctest"; sourceTree = BUILT_PRODUCTS_DIR; };
		34DE4C3D21A532CC00DA839C /* com_equipe_6_nameUITests.swift */ = {isa = PBXFileReference; lastKnownFileType = sourcecode.swift; path = com_equipe_6_nameUITests.swift; sourceTree = "<group>"; };
		34DE4C3F21A532CC00DA839C /* Info.plist */ = {isa = PBXFileReference; lastKnownFileType = text.plist.xml; path = Info.plist; sourceTree = "<group>"; };
		34DE4C4F21A5773100DA839C /* MapViewController.swift */ = {isa = PBXFileReference; lastKnownFileType = sourcecode.swift; path = MapViewController.swift; sourceTree = "<group>"; };
/* End PBXFileReference section */

/* Begin PBXFrameworksBuildPhase section */
		34DE4C1721A532CA00DA839C /* Frameworks */ = {
			isa = PBXFrameworksBuildPhase;
			buildActionMask = 2147483647;
			files = (
			);
			runOnlyForDeploymentPostprocessing = 0;
		};
		34DE4C2B21A532CC00DA839C /* Frameworks */ = {
			isa = PBXFrameworksBuildPhase;
			buildActionMask = 2147483647;
			files = (
			);
			runOnlyForDeploymentPostprocessing = 0;
		};
		34DE4C3621A532CC00DA839C /* Frameworks */ = {
			isa = PBXFrameworksBuildPhase;
			buildActionMask = 2147483647;
			files = (
			);
			runOnlyForDeploymentPostprocessing = 0;
		};
/* End PBXFrameworksBuildPhase section */

/* Begin PBXGroup section */
		34DE4C1121A532CA00DA839C = {
			isa = PBXGroup;
			children = (
				34DE4C1C21A532CA00DA839C /* com.equipe-6.name */,
				34DE4C3121A532CC00DA839C /* com.equipe-6.nameTests */,
				34DE4C3C21A532CC00DA839C /* com.equipe-6.nameUITests */,
				34DE4C1B21A532CA00DA839C /* Products */,
			);
			sourceTree = "<group>";
		};
		34DE4C1B21A532CA00DA839C /* Products */ = {
			isa = PBXGroup;
			children = (
				34DE4C1A21A532CA00DA839C /* com.equipe-6.name.app */,
				34DE4C2E21A532CC00DA839C /* com.equipe-6.nameTests.xctest */,
				34DE4C3921A532CC00DA839C /* com.equipe-6.nameUITests.xctest */,
			);
			name = Products;
			sourceTree = "<group>";
		};
		34DE4C1C21A532CA00DA839C /* com.equipe-6.name */ = {
			isa = PBXGroup;
			children = (
				34DE4C1D21A532CA00DA839C /* AppDelegate.swift */,
				34DE4C1F21A532CA00DA839C /* ViewController.swift */,
				34DE4C4F21A5773100DA839C /* MapViewController.swift */,
				34DE4C2121A532CA00DA839C /* Main.storyboard */,
				34DE4C2621A532CB00DA839C /* LaunchScreen.storyboard */,
				34DE4C2921A532CB00DA839C /* Info.plist */,
				342AB13621A7F6CF00F13257 /* Assets.xcassets */,
			);
			path = "com.equipe-6.name";
			sourceTree = "<group>";
		};
		34DE4C3121A532CC00DA839C /* com.equipe-6.nameTests */ = {
			isa = PBXGroup;
			children = (
				34DE4C3221A532CC00DA839C /* com_equipe_6_nameTests.swift */,
				34DE4C3421A532CC00DA839C /* Info.plist */,
			);
			path = "com.equipe-6.nameTests";
			sourceTree = "<group>";
		};
		34DE4C3C21A532CC00DA839C /* com.equipe-6.nameUITests */ = {
			isa = PBXGroup;
			children = (
				34DE4C3D21A532CC00DA839C /* com_equipe_6_nameUITests.swift */,
				34DE4C3F21A532CC00DA839C /* Info.plist */,
			);
			path = "com.equipe-6.nameUITests";
			sourceTree = "<group>";
		};
/* End PBXGroup section */

/* Begin PBXNativeTarget section */
		34DE4C1921A532CA00DA839C /* com.equipe-6.name */ = {
			isa = PBXNativeTarget;
			buildConfigurationList = 34DE4C4221A532CC00DA839C /* Build configuration list for PBXNativeTarget "com.equipe-6.name" */;
			buildPhases = (
				34DE4C1621A532CA00DA839C /* Sources */,
				34DE4C1721A532CA00DA839C /* Frameworks */,
				34DE4C1821A532CA00DA839C /* Resources */,
			);
			buildRules = (
			);
			dependencies = (
			);
			name = "com.equipe-6.name";
			productName = "com.equipe-6.name";
			productReference = 34DE4C1A21A532CA00DA839C /* com.equipe-6.name.app */;
			productType = "com.apple.product-type.application";
		};
		34DE4C2D21A532CC00DA839C /* com.equipe-6.nameTests */ = {
			isa = PBXNativeTarget;
			buildConfigurationList = 34DE4C4521A532CC00DA839C /* Build configuration list for PBXNativeTarget "com.equipe-6.nameTests" */;
			buildPhases = (
				34DE4C2A21A532CC00DA839C /* Sources */,
				34DE4C2B21A532CC00DA839C /* Frameworks */,
				34DE4C2C21A532CC00DA839C /* Resources */,
			);
			buildRules = (
			);
			dependencies = (
				34DE4C3021A532CC00DA839C /* PBXTargetDependency */,
			);
			name = "com.equipe-6.nameTests";
			productName = "com.equipe-6.nameTests";
			productReference = 34DE4C2E21A532CC00DA839C /* com.equipe-6.nameTests.xctest */;
			productType = "com.apple.product-type.bundle.unit-test";
		};
		34DE4C3821A532CC00DA839C /* com.equipe-6.nameUITests */ = {
			isa = PBXNativeTarget;
			buildConfigurationList = 34DE4C4821A532CC00DA839C /* Build configuration list for PBXNativeTarget "com.equipe-6.nameUITests" */;
			buildPhases = (
				34DE4C3521A532CC00DA839C /* Sources */,
				34DE4C3621A532CC00DA839C /* Frameworks */,
				34DE4C3721A532CC00DA839C /* Resources */,
			);
			buildRules = (
			);
			dependencies = (
				34DE4C3B21A532CC00DA839C /* PBXTargetDependency */,
			);
			name = "com.equipe-6.nameUITests";
			productName = "com.equipe-6.nameUITests";
			productReference = 34DE4C3921A532CC00DA839C /* com.equipe-6.nameUITests.xctest */;
			productType = "com.apple.product-type.bundle.ui-testing";
		};
/* End PBXNativeTarget section */

/* Begin PBXProject section */
		34DE4C1221A532CA00DA839C /* Project object */ = {
			isa = PBXProject;
			attributes = {
				LastSwiftUpdateCheck = 1010;
				LastUpgradeCheck = 1010;
				ORGANIZATIONNAME = "Victor Timsit";
				TargetAttributes = {
					34DE4C1921A532CA00DA839C = {
						CreatedOnToolsVersion = 10.1;
					};
					34DE4C2D21A532CC00DA839C = {
						CreatedOnToolsVersion = 10.1;
						TestTargetID = 34DE4C1921A532CA00DA839C;
					};
					34DE4C3821A532CC00DA839C = {
						CreatedOnToolsVersion = 10.1;
						TestTargetID = 34DE4C1921A532CA00DA839C;
					};
				};
			};
			buildConfigurationList = 34DE4C1521A532CA00DA839C /* Build configuration list for PBXProject "com.equipe-6.name" */;
			compatibilityVersion = "Xcode 9.3";
			developmentRegion = en;
			hasScannedForEncodings = 0;
			knownRegions = (
				en,
				Base,
			);
			mainGroup = 34DE4C1121A532CA00DA839C;
			productRefGroup = 34DE4C1B21A532CA00DA839C /* Products */;
			projectDirPath = "";
			projectRoot = "";
			targets = (
				34DE4C1921A532CA00DA839C /* com.equipe-6.name */,
				34DE4C2D21A532CC00DA839C /* com.equipe-6.nameTests */,
				34DE4C3821A532CC00DA839C /* com.equipe-6.nameUITests */,
			);
		};
/* End PBXProject section */

/* Begin PBXResourcesBuildPhase section */
		34DE4C1821A532CA00DA839C /* Resources */ = {
			isa = PBXResourcesBuildPhase;
			buildActionMask = 2147483647;
			files = (
				34DE4C2821A532CB00DA839C /* LaunchScreen.storyboard in Resources */,
				342AB13721A7F6CF00F13257 /* Assets.xcassets in Resources */,
				34DE4C2321A532CA00DA839C /* Main.storyboard in Resources */,
			);
			runOnlyForDeploymentPostprocessing = 0;
		};
		34DE4C2C21A532CC00DA839C /* Resources */ = {
			isa = PBXResourcesBuildPhase;
			buildActionMask = 2147483647;
			files = (
			);
			runOnlyForDeploymentPostprocessing = 0;
		};
		34DE4C3721A532CC00DA839C /* Resources */ = {
			isa = PBXResourcesBuildPhase;
			buildActionMask = 2147483647;
			files = (
			);
			runOnlyForDeploymentPostprocessing = 0;
		};
/* End PBXResourcesBuildPhase section */

/* Begin PBXSourcesBuildPhase section */
		34DE4C1621A532CA00DA839C /* Sources */ = {
			isa = PBXSourcesBuildPhase;
			buildActionMask = 2147483647;
			files = (
				34DE4C2021A532CA00DA839C /* ViewController.swift in Sources */,
				34DE4C5021A5773200DA839C /* MapViewController.swift in Sources */,
				34DE4C1E21A532CA00DA839C /* AppDelegate.swift in Sources */,
			);
			runOnlyForDeploymentPostprocessing = 0;
		};
		34DE4C2A21A532CC00DA839C /* Sources */ = {
			isa = PBXSourcesBuildPhase;
			buildActionMask = 2147483647;
			files = (
				34DE4C3321A532CC00DA839C /* com_equipe_6_nameTests.swift in Sources */,
			);
			runOnlyForDeploymentPostprocessing = 0;
		};
		34DE4C3521A532CC00DA839C /* Sources */ = {
			isa = PBXSourcesBuildPhase;
			buildActionMask = 2147483647;
			files = (
				34DE4C3E21A532CC00DA839C /* com_equipe_6_nameUITests.swift in Sources */,
			);
			runOnlyForDeploymentPostprocessing = 0;
		};
/* End PBXSourcesBuildPhase section */

/* Begin PBXTargetDependency section */
		34DE4C3021A532CC00DA839C /* PBXTargetDependency */ = {
			isa = PBXTargetDependency;
			target = 34DE4C1921A532CA00DA839C /* com.equipe-6.name */;
			targetProxy = 34DE4C2F21A532CC00DA839C /* PBXContainerItemProxy */;
		};
		34DE4C3B21A532CC00DA839C /* PBXTargetDependency */ = {
			isa = PBXTargetDependency;
			target = 34DE4C1921A532CA00DA839C /* com.equipe-6.name */;
			targetProxy = 34DE4C3A21A532CC00DA839C /* PBXContainerItemProxy */;
		};
/* End PBXTargetDependency section */

/* Begin PBXVariantGroup section */
		34DE4C2121A532CA00DA839C /* Main.storyboard */ = {
			isa = PBXVariantGroup;
			children = (
				34DE4C2221A532CA00DA839C /* Base */,
			);
			name = Main.storyboard;
			sourceTree = "<group>";
		};
		34DE4C2621A532CB00DA839C /* LaunchScreen.storyboard */ = {
			isa = PBXVariantGroup;
			children = (
				34DE4C2721A532CB00DA839C /* Base */,
			);
			name = LaunchScreen.storyboard;
			sourceTree = "<group>";
		};
/* End PBXVariantGroup section */

/* Begin XCBuildConfiguration section */
		34DE4C4021A532CC00DA839C /* Debug */ = {
			isa = XCBuildConfiguration;
			buildSettings = {
				ALWAYS_SEARCH_USER_PATHS = NO;
				CLANG_ANALYZER_NONNULL = YES;
				CLANG_ANALYZER_NUMBER_OBJECT_CONVERSION = YES_AGGRESSIVE;
				CLANG_CXX_LANGUAGE_STANDARD = "gnu++14";
				CLANG_CXX_LIBRARY = "libc++";
				CLANG_ENABLE_MODULES = YES;
				CLANG_ENABLE_OBJC_ARC = YES;
				CLANG_ENABLE_OBJC_WEAK = YES;
				CLANG_WARN_BLOCK_CAPTURE_AUTORELEASING = YES;
				CLANG_WARN_BOOL_CONVERSION = YES;
				CLANG_WARN_COMMA = YES;
				CLANG_WARN_CONSTANT_CONVERSION = YES;
				CLANG_WARN_DEPRECATED_OBJC_IMPLEMENTATIONS = YES;
				CLANG_WARN_DIRECT_OBJC_ISA_USAGE = YES_ERROR;
				CLANG_WARN_DOCUMENTATION_COMMENTS = YES;
				CLANG_WARN_EMPTY_BODY = YES;
				CLANG_WARN_ENUM_CONVERSION = YES;
				CLANG_WARN_INFINITE_RECURSION = YES;
				CLANG_WARN_INT_CONVERSION = YES;
				CLANG_WARN_NON_LITERAL_NULL_CONVERSION = YES;
				CLANG_WARN_OBJC_IMPLICIT_RETAIN_SELF = YES;
				CLANG_WARN_OBJC_LITERAL_CONVERSION = YES;
				CLANG_WARN_OBJC_ROOT_CLASS = YES_ERROR;
				CLANG_WARN_RANGE_LOOP_ANALYSIS = YES;
				CLANG_WARN_STRICT_PROTOTYPES = YES;
				CLANG_WARN_SUSPICIOUS_MOVE = YES;
				CLANG_WARN_UNGUARDED_AVAILABILITY = YES_AGGRESSIVE;
				CLANG_WARN_UNREACHABLE_CODE = YES;
				CLANG_WARN__DUPLICATE_METHOD_MATCH = YES;
				CODE_SIGN_IDENTITY = "iPhone Developer";
				COPY_PHASE_STRIP = NO;
				DEBUG_INFORMATION_FORMAT = dwarf;
				ENABLE_STRICT_OBJC_MSGSEND = YES;
				ENABLE_TESTABILITY = YES;
				GCC_C_LANGUAGE_STANDARD = gnu11;
				GCC_DYNAMIC_NO_PIC = NO;
				GCC_NO_COMMON_BLOCKS = YES;
				GCC_OPTIMIZATION_LEVEL = 0;
				GCC_PREPROCESSOR_DEFINITIONS = (
					"DEBUG=1",
					"$(inherited)",
				);
				GCC_WARN_64_TO_32_BIT_CONVERSION = YES;
				GCC_WARN_ABOUT_RETURN_TYPE = YES_ERROR;
				GCC_WARN_UNDECLARED_SELECTOR = YES;
				GCC_WARN_UNINITIALIZED_AUTOS = YES_AGGRESSIVE;
				GCC_WARN_UNUSED_FUNCTION = YES;
				GCC_WARN_UNUSED_VARIABLE = YES;
				IPHONEOS_DEPLOYMENT_TARGET = 12.1;
				MTL_ENABLE_DEBUG_INFO = INCLUDE_SOURCE;
				MTL_FAST_MATH = YES;
				ONLY_ACTIVE_ARCH = YES;
				SDKROOT = iphoneos;
				SWIFT_ACTIVE_COMPILATION_CONDITIONS = DEBUG;
				SWIFT_OPTIMIZATION_LEVEL = "-Onone";
			};
			name = Debug;
		};
		34DE4C4121A532CC00DA839C /* Release */ = {
			isa = XCBuildConfiguration;
			buildSettings = {
				ALWAYS_SEARCH_USER_PATHS = NO;
				CLANG_ANALYZER_NONNULL = YES;
				CLANG_ANALYZER_NUMBER_OBJECT_CONVERSION = YES_AGGRESSIVE;
				CLANG_CXX_LANGUAGE_STANDARD = "gnu++14";
				CLANG_CXX_LIBRARY = "libc++";
				CLANG_ENABLE_MODULES = YES;
				CLANG_ENABLE_OBJC_ARC = YES;
				CLANG_ENABLE_OBJC_WEAK = YES;
				CLANG_WARN_BLOCK_CAPTURE_AUTORELEASING = YES;
				CLANG_WARN_BOOL_CONVERSION = YES;
				CLANG_WARN_COMMA = YES;
				CLANG_WARN_CONSTANT_CONVERSION = YES;
				CLANG_WARN_DEPRECATED_OBJC_IMPLEMENTATIONS = YES;
				CLANG_WARN_DIRECT_OBJC_ISA_USAGE = YES_ERROR;
				CLANG_WARN_DOCUMENTATION_COMMENTS = YES;
				CLANG_WARN_EMPTY_BODY = YES;
				CLANG_WARN_ENUM_CONVERSION = YES;
				CLANG_WARN_INFINITE_RECURSION = YES;
				CLANG_WARN_INT_CONVERSION = YES;
				CLANG_WARN_NON_LITERAL_NULL_CONVERSION = YES;
				CLANG_WARN_OBJC_IMPLICIT_RETAIN_SELF = YES;
				CLANG_WARN_OBJC_LITERAL_CONVERSION = YES;
				CLANG_WARN_OBJC_ROOT_CLASS = YES_ERROR;
				CLANG_WARN_RANGE_LOOP_ANALYSIS = YES;
				CLANG_WARN_STRICT_PROTOTYPES = YES;
				CLANG_WARN_SUSPICIOUS_MOVE = YES;
				CLANG_WARN_UNGUARDED_AVAILABILITY = YES_AGGRESSIVE;
				CLANG_WARN_UNREACHABLE_CODE = YES;
				CLANG_WARN__DUPLICATE_METHOD_MATCH = YES;
				CODE_SIGN_IDENTITY = "iPhone Developer";
				COPY_PHASE_STRIP = NO;
				DEBUG_INFORMATION_FORMAT = "dwarf-with-dsym";
				ENABLE_NS_ASSERTIONS = NO;
				ENABLE_STRICT_OBJC_MSGSEND = YES;
				GCC_C_LANGUAGE_STANDARD = gnu11;
				GCC_NO_COMMON_BLOCKS = YES;
				GCC_WARN_64_TO_32_BIT_CONVERSION = YES;
				GCC_WARN_ABOUT_RETURN_TYPE = YES_ERROR;
				GCC_WARN_UNDECLARED_SELECTOR = YES;
				GCC_WARN_UNINITIALIZED_AUTOS = YES_AGGRESSIVE;
				GCC_WARN_UNUSED_FUNCTION = YES;
				GCC_WARN_UNUSED_VARIABLE = YES;
				IPHONEOS_DEPLOYMENT_TARGET = 12.1;
				MTL_ENABLE_DEBUG_INFO = NO;
				MTL_FAST_MATH = YES;
				SDKROOT = iphoneos;
				SWIFT_COMPILATION_MODE = wholemodule;
				SWIFT_OPTIMIZATION_LEVEL = "-O";
				VALIDATE_PRODUCT = YES;
			};
			name = Release;
		};
		34DE4C4321A532CC00DA839C /* Debug */ = {
			isa = XCBuildConfiguration;
			buildSettings = {
				ASSETCATALOG_COMPILER_LAUNCHIMAGE_NAME = LaunchImage;
				CODE_SIGN_STYLE = Automatic;
				INFOPLIST_FILE = "com.equipe-6.name/Info.plist";
				LD_RUNPATH_SEARCH_PATHS = (
					"$(inherited)",
					"@executable_path/Frameworks",
				);
				PRODUCT_BUNDLE_IDENTIFIER = "hetic.com-equipe-6-name";
				PRODUCT_NAME = "$(TARGET_NAME)";
				SWIFT_VERSION = 4.2;
				TARGETED_DEVICE_FAMILY = "1,2";
			};
			name = Debug;
		};
		34DE4C4421A532CC00DA839C /* Release */ = {
			isa = XCBuildConfiguration;
			buildSettings = {
				ASSETCATALOG_COMPILER_LAUNCHIMAGE_NAME = LaunchImage;
				CODE_SIGN_STYLE = Automatic;
				INFOPLIST_FILE = "com.equipe-6.name/Info.plist";
				LD_RUNPATH_SEARCH_PATHS = (
					"$(inherited)",
					"@executable_path/Frameworks",
				);
				PRODUCT_BUNDLE_IDENTIFIER = "hetic.com-equipe-6-name";
				PRODUCT_NAME = "$(TARGET_NAME)";
				SWIFT_VERSION = 4.2;
				TARGETED_DEVICE_FAMILY = "1,2";
			};
			name = Release;
		};
		34DE4C4621A532CC00DA839C /* Debug */ = {
			isa = XCBuildConfiguration;
			buildSettings = {
				ALWAYS_EMBED_SWIFT_STANDARD_LIBRARIES = YES;
				BUNDLE_LOADER = "$(TEST_HOST)";
				CODE_SIGN_STYLE = Automatic;
				INFOPLIST_FILE = "com.equipe-6.nameTests/Info.plist";
				LD_RUNPATH_SEARCH_PATHS = (
					"$(inherited)",
					"@executable_path/Frameworks",
					"@loader_path/Frameworks",
				);
				PRODUCT_BUNDLE_IDENTIFIER = "hetic.com-equipe-6-nameTests";
				PRODUCT_NAME = "$(TARGET_NAME)";
				SWIFT_VERSION = 4.2;
				TARGETED_DEVICE_FAMILY = "1,2";
				TEST_HOST = "$(BUILT_PRODUCTS_DIR)/com.equipe-6.name.app/com.equipe-6.name";
			};
			name = Debug;
		};
		34DE4C4721A532CC00DA839C /* Release */ = {
			isa = XCBuildConfiguration;
			buildSettings = {
				ALWAYS_EMBED_SWIFT_STANDARD_LIBRARIES = YES;
				BUNDLE_LOADER = "$(TEST_HOST)";
				CODE_SIGN_STYLE = Automatic;
				INFOPLIST_FILE = "com.equipe-6.nameTests/Info.plist";
				LD_RUNPATH_SEARCH_PATHS = (
					"$(inherited)",
					"@executable_path/Frameworks",
					"@loader_path/Frameworks",
				);
				PRODUCT_BUNDLE_IDENTIFIER = "hetic.com-equipe-6-nameTests";
				PRODUCT_NAME = "$(TARGET_NAME)";
				SWIFT_VERSION = 4.2;
				TARGETED_DEVICE_FAMILY = "1,2";
				TEST_HOST = "$(BUILT_PRODUCTS_DIR)/com.equipe-6.name.app/com.equipe-6.name";
			};
			name = Release;
		};
		34DE4C4921A532CC00DA839C /* Debug */ = {
			isa = XCBuildConfiguration;
			buildSettings = {
				ALWAYS_EMBED_SWIFT_STANDARD_LIBRARIES = YES;
				CODE_SIGN_STYLE = Automatic;
				INFOPLIST_FILE = "com.equipe-6.nameUITests/Info.plist";
				LD_RUNPATH_SEARCH_PATHS = (
					"$(inherited)",
					"@executable_path/Frameworks",
					"@loader_path/Frameworks",
				);
				PRODUCT_BUNDLE_IDENTIFIER = "hetic.com-equipe-6-nameUITests";
				PRODUCT_NAME = "$(TARGET_NAME)";
				SWIFT_VERSION = 4.2;
				TARGETED_DEVICE_FAMILY = "1,2";
				TEST_TARGET_NAME = "com.equipe-6.name";
			};
			name = Debug;
		};
		34DE4C4A21A532CC00DA839C /* Release */ = {
			isa = XCBuildConfiguration;
			buildSettings = {
				ALWAYS_EMBED_SWIFT_STANDARD_LIBRARIES = YES;
				CODE_SIGN_STYLE = Automatic;
				INFOPLIST_FILE = "com.equipe-6.nameUITests/Info.plist";
				LD_RUNPATH_SEARCH_PATHS = (
					"$(inherited)",
					"@executable_path/Frameworks",
					"@loader_path/Frameworks",
				);
				PRODUCT_BUNDLE_IDENTIFIER = "hetic.com-equipe-6-nameUITests";
				PRODUCT_NAME = "$(TARGET_NAME)";
				SWIFT_VERSION = 4.2;
				TARGETED_DEVICE_FAMILY = "1,2";
				TEST_TARGET_NAME = "com.equipe-6.name";
			};
			name = Release;
		};
/* End XCBuildConfiguration section */

/* Begin XCConfigurationList section */
		34DE4C1521A532CA00DA839C /* Build configuration list for PBXProject "com.equipe-6.name" */ = {
			isa = XCConfigurationList;
			buildConfigurations = (
				34DE4C4021A532CC00DA839C /* Debug */,
				34DE4C4121A532CC00DA839C /* Release */,
			);
			defaultConfigurationIsVisible = 0;
			defaultConfigurationName = Release;
		};
		34DE4C4221A532CC00DA839C /* Build configuration list for PBXNativeTarget "com.equipe-6.name" */ = {
			isa = XCConfigurationList;
			buildConfigurations = (
				34DE4C4321A532CC00DA839C /* Debug */,
				34DE4C4421A532CC00DA839C /* Release */,
			);
			defaultConfigurationIsVisible = 0;
			defaultConfigurationName = Release;
		};
		34DE4C4521A532CC00DA839C /* Build configuration list for PBXNativeTarget "com.equipe-6.nameTests" */ = {
			isa = XCConfigurationList;
			buildConfigurations = (
				34DE4C4621A532CC00DA839C /* Debug */,
				34DE4C4721A532CC00DA839C /* Release */,
			);
			defaultConfigurationIsVisible = 0;
			defaultConfigurationName = Release;
		};
		34DE4C4821A532CC00DA839C /* Build configuration list for PBXNativeTarget "com.equipe-6.nameUITests" */ = {
			isa = XCConfigurationList;
			buildConfigurations = (
				34DE4C4921A532CC00DA839C /* Debug */,
				34DE4C4A21A532CC00DA839C /* Release */,
			);
			defaultConfigurationIsVisible = 0;
			defaultConfigurationName = Release;
		};
/* End XCConfigurationList section */
	};
	rootObject = 34DE4C1221A532CA00DA839C /* Project object */;
}
